
Microsoft Visual Studio Solution File, Format Version 12.00
# Visual Studio Version 17
VisualStudioVersion = 17.5.002.0
MinimumVisualStudioVersion = 10.0.40219.1
Project("{9A19103F-16F7-4668-BE54-9A1E7A4F7556}") = "SelectCourse", "SelectCourse.csproj", "{F52F084A-3E8D-41BA-BF8F-E9FF7A6366E9}"
EndProject
Global
	GlobalSection(SolutionConfigurationPlatforms) = preSolution
		Debug|Any CPU = Debug|Any CPU
		Release|Any CPU = Release|Any CPU
	EndGlobalSection
	GlobalSection(ProjectConfigurationPlatforms) = postSolution
		{F52F084A-3E8D-41BA-BF8F-E9FF7A6366E9}.Debug|Any CPU.ActiveCfg = Debug|Any CPU
		{F52F084A-3E8D-41BA-BF8F-E9FF7A6366E9}.Debug|Any CPU.Build.0 = Debug|Any CPU
		{F52F084A-3E8D-41BA-BF8F-E9FF7A6366E9}.Release|Any CPU.ActiveCfg = Release|Any CPU
		{F52F084A-3E8D-41BA-BF8F-E9FF7A6366E9}.Release|Any CPU.Build.0 = Release|Any CPU
	EndGlobalSection
	GlobalSection(SolutionProperties) = preSolution
		HideSolutionNode = FALSE
	EndGlobalSection
	GlobalSection(ExtensibilityGlobals) = postSolution
		SolutionGuid = {1B7DCCBC-1918-466D-B2FC-CA05B58E3124}
	EndGlobalSection
EndGlobal
